{
  "requires": true,
  "lockfileVersion": 1,
  "dependencies": {
    "react-favicon": {
      "version": "0.0.18",
      "resolved": "https://registry.npmjs.org/react-favicon/-/react-favicon-0.0.18.tgz",
      "integrity": "sha512-FB3WAuzqGjMxFSi+QzPTnXlCeOmuBZpl/Ilxkd9sf73cW6Q31ThBjS1j3tfN9Uxo88ECOsR7NIAUedbiddc7VQ=="
    }
  }
}
